
Microsoft Visual Studio Solution File, Format Version 12.00
# Visual Studio Version 17
VisualStudioVersion = 17.5.33530.505
MinimumVisualStudioVersion = 10.0.40219.1
Project("{FAE04EC0-301F-11D3-BF4B-00C04F79EFBC}") = "College_authorization_form", "College_authorization_form\College_authorization_form.csproj", "{E1E56865-3F10-4D19-85BB-9DABB38FCDCC}"
EndProject
Global
	GlobalSection(SolutionConfigurationPlatforms) = preSolution
		Debug|Any CPU = Debug|Any CPU
		Release|Any CPU = Release|Any CPU
	EndGlobalSection
	GlobalSection(ProjectConfigurationPlatforms) = postSolution
		{E1E56865-3F10-4D19-85BB-9DABB38FCDCC}.Debug|Any CPU.ActiveCfg = Debug|Any CPU
		{E1E56865-3F10-4D19-85BB-9DABB38FCDCC}.Debug|Any CPU.Build.0 = Debug|Any CPU
		{E1E56865-3F10-4D19-85BB-9DABB38FCDCC}.Release|Any CPU.ActiveCfg = Release|Any CPU
		{E1E56865-3F10-4D19-85BB-9DABB38FCDCC}.Release|Any CPU.Build.0 = Release|Any CPU
	EndGlobalSection
	GlobalSection(SolutionProperties) = preSolution
		HideSolutionNode = FALSE
	EndGlobalSection
	GlobalSection(ExtensibilityGlobals) = postSolution
		SolutionGuid = {04610D84-59C7-4549-BDD3-633D0B75696C}
	EndGlobalSection
EndGlobal
